
Microsoft Visual Studio Solution File, Format Version 12.00
# Visual Studio Version 17
VisualStudioVersion = 17.0.32112.339
MinimumVisualStudioVersion = 10.0.40219.1
Project("{9A19103F-16F7-4668-BE54-9A1E7A4F7556}") = "NewLMS.UMKM.API", "NewLMS.UMKM.API\NewLMS.UMKM.API.csproj", "{6230B255-5F99-4C3E-B850-C291B090AD9F}"
EndProject
Project("{9A19103F-16F7-4668-BE54-9A1E7A4F7556}") = "NewLMS.UMKM.Common", "NewLMS.UMKM.Common\NewLMS.UMKM.Common.csproj", "{91389BAB-A8C7-425F-A28D-F398115093F0}"
EndProject
Project("{9A19103F-16F7-4668-BE54-9A1E7A4F7556}") = "NewLMS.UMKM.Data", "NewLMS.UMKM.Data\NewLMS.UMKM.Data.csproj", "{6E575489-3DF4-43ED-83CA-B3CF720A62E3}"
EndProject
Project("{9A19103F-16F7-4668-BE54-9A1E7A4F7556}") = "NewLMS.UMKM.Domain", "NewLMS.UMKM.Domain\NewLMS.UMKM.Domain.csproj", "{23989390-E773-4B39-958D-2473F3A3C9D1}"
EndProject
Project("{9A19103F-16F7-4668-BE54-9A1E7A4F7556}") = "NewLMS.UMKM.Helper", "NewLMS.UMKM.Helper\NewLMS.UMKM.Helper.csproj", "{CE95B8F1-D338-47F1-B4E7-E2BFF18D599D}"
EndProject
Project("{9A19103F-16F7-4668-BE54-9A1E7A4F7556}") = "NewLMS.UMKM.Repository", "NewLMS.UMKM.Repository\NewLMS.UMKM.Repository.csproj", "{861E7948-18C5-4238-A6B6-E17740818881}"
EndProject
Project("{9A19103F-16F7-4668-BE54-9A1E7A4F7556}") = "NewLMS.UMKM.MediatR", "NewLMS.UMKM.MediatR\NewLMS.UMKM.MediatR.csproj", "{41D5C6C6-20B6-4B76-B0C7-9E7C833FFE42}"
EndProject
Project("{2150E333-8FDC-42A3-9474-1A3956D46DE8}") = "Presentation", "Presentation", "{84A2622D-CDB2-469D-84E7-C838324C6518}"
EndProject
Project("{2150E333-8FDC-42A3-9474-1A3956D46DE8}") = "Core", "Core", "{4E7D2684-3167-4D61-B8C1-C3F2CB4D64BF}"
EndProject
Project("{2150E333-8FDC-42A3-9474-1A3956D46DE8}") = "Infrastructure", "Infrastructure", "{2919B2B6-2885-466F-88E4-E2C8CE7FFE70}"
EndProject
Project("{9A19103F-16F7-4668-BE54-9A1E7A4F7556}") = "NewLMS.UMKM.Domain.Dwh", "NewLMS.UMKM.DomainDWH\NewLMS.UMKM.Domain.Dwh.csproj", "{2ACDE61D-E5AB-40EA-9634-87C6A089478E}"
EndProject
Project("{9A19103F-16F7-4668-BE54-9A1E7A4F7556}") = "NewLMS.UMKM.Scoring", "NewLMS.UMKM.Scoring\NewLMS.UMKM.Scoring.csproj", "{0649CC57-987B-455E-93C6-2351890FCA8F}"
EndProject
Project("{9A19103F-16F7-4668-BE54-9A1E7A4F7556}") = "Bjb.DigitalBisnis.CoreBanking", "Bjb.DigitalBisnis.CoreBanking\Bjb.DigitalBisnis.CoreBanking.csproj", "{753F148B-8B75-42B1-8FAB-D97389F5AA23}"
EndProject
Project("{9A19103F-16F7-4668-BE54-9A1E7A4F7556}") = "NewLMS.UMKM.Maps", "NewLMS.UMKM.SalesMonitoring\NewLMS.UMKM.Maps.csproj", "{637A54C0-9FD3-496F-ADC9-6686C61AF95D}"
EndProject
Project("{9A19103F-16F7-4668-BE54-9A1E7A4F7556}") = "NewLMS.UMKM.DomainDHN", "NewLMS.UMKM.DomainDHN\NewLMS.UMKM.DomainDHN.csproj", "{7F16A521-7C70-4DDA-9F98-C62D55A3606C}"
EndProject
Project("{9A19103F-16F7-4668-BE54-9A1E7A4F7556}") = "Bjb.DigitalBisnis.DigiloanAPI", "Bjb.DigitalBisnis.DigiloanAPI\Bjb.DigitalBisnis.DigiloanAPI.csproj", "{6DDEC0AF-2A5C-4B13-A593-333CC16020C0}"
EndProject
Project("{9A19103F-16F7-4668-BE54-9A1E7A4F7556}") = "NewLMS.UMKM.SIKP2", "NewLMS.UMKM.SIKP2\NewLMS.UMKM.SIKP2.csproj", "{6A683D2D-CBF6-40AF-93AC-F987B98E86AB}"
EndProject
Project("{9A19103F-16F7-4668-BE54-9A1E7A4F7556}") = "NewLMS.UMKM.SIKP", "NewLMS.UMKM.SIKP\NewLMS.UMKM.SIKP.csproj", "{EA46C264-8D1A-4A43-BFDF-80CEDE5127B8}"
EndProject
Project("{9A19103F-16F7-4668-BE54-9A1E7A4F7556}") = "NewLMS.UMKM.Domain.FUSE", "NewLMS.UMKM.Domain.FUSE\NewLMS.UMKM.Domain.FUSE.csproj", "{5563F774-5392-4C0F-8A54-71ABA7249075}"
EndProject
Global
	GlobalSection(SolutionConfigurationPlatforms) = preSolution
		Debug|Any CPU = Debug|Any CPU
		Release|Any CPU = Release|Any CPU
	EndGlobalSection
	GlobalSection(ProjectConfigurationPlatforms) = postSolution
		{6230B255-5F99-4C3E-B850-C291B090AD9F}.Debug|Any CPU.ActiveCfg = Debug|Any CPU
		{6230B255-5F99-4C3E-B850-C291B090AD9F}.Debug|Any CPU.Build.0 = Debug|Any CPU
		{6230B255-5F99-4C3E-B850-C291B090AD9F}.Release|Any CPU.ActiveCfg = Release|Any CPU
		{6230B255-5F99-4C3E-B850-C291B090AD9F}.Release|Any CPU.Build.0 = Release|Any CPU
		{91389BAB-A8C7-425F-A28D-F398115093F0}.Debug|Any CPU.ActiveCfg = Debug|Any CPU
		{91389BAB-A8C7-425F-A28D-F398115093F0}.Debug|Any CPU.Build.0 = Debug|Any CPU
		{91389BAB-A8C7-425F-A28D-F398115093F0}.Release|Any CPU.ActiveCfg = Release|Any CPU
		{91389BAB-A8C7-425F-A28D-F398115093F0}.Release|Any CPU.Build.0 = Release|Any CPU
		{6E575489-3DF4-43ED-83CA-B3CF720A62E3}.Debug|Any CPU.ActiveCfg = Debug|Any CPU
		{6E575489-3DF4-43ED-83CA-B3CF720A62E3}.Debug|Any CPU.Build.0 = Debug|Any CPU
		{6E575489-3DF4-43ED-83CA-B3CF720A62E3}.Release|Any CPU.ActiveCfg = Release|Any CPU
		{6E575489-3DF4-43ED-83CA-B3CF720A62E3}.Release|Any CPU.Build.0 = Release|Any CPU
		{23989390-E773-4B39-958D-2473F3A3C9D1}.Debug|Any CPU.ActiveCfg = Debug|Any CPU
		{23989390-E773-4B39-958D-2473F3A3C9D1}.Debug|Any CPU.Build.0 = Debug|Any CPU
		{23989390-E773-4B39-958D-2473F3A3C9D1}.Release|Any CPU.ActiveCfg = Release|Any CPU
		{23989390-E773-4B39-958D-2473F3A3C9D1}.Release|Any CPU.Build.0 = Release|Any CPU
		{CE95B8F1-D338-47F1-B4E7-E2BFF18D599D}.Debug|Any CPU.ActiveCfg = Debug|Any CPU
		{CE95B8F1-D338-47F1-B4E7-E2BFF18D599D}.Debug|Any CPU.Build.0 = Debug|Any CPU
		{CE95B8F1-D338-47F1-B4E7-E2BFF18D599D}.Release|Any CPU.ActiveCfg = Release|Any CPU
		{CE95B8F1-D338-47F1-B4E7-E2BFF18D599D}.Release|Any CPU.Build.0 = Release|Any CPU
		{861E7948-18C5-4238-A6B6-E17740818881}.Debug|Any CPU.ActiveCfg = Debug|Any CPU
		{861E7948-18C5-4238-A6B6-E17740818881}.Debug|Any CPU.Build.0 = Debug|Any CPU
		{861E7948-18C5-4238-A6B6-E17740818881}.Release|Any CPU.ActiveCfg = Release|Any CPU
		{861E7948-18C5-4238-A6B6-E17740818881}.Release|Any CPU.Build.0 = Release|Any CPU
		{41D5C6C6-20B6-4B76-B0C7-9E7C833FFE42}.Debug|Any CPU.ActiveCfg = Debug|Any CPU
		{41D5C6C6-20B6-4B76-B0C7-9E7C833FFE42}.Debug|Any CPU.Build.0 = Debug|Any CPU
		{41D5C6C6-20B6-4B76-B0C7-9E7C833FFE42}.Release|Any CPU.ActiveCfg = Release|Any CPU
		{41D5C6C6-20B6-4B76-B0C7-9E7C833FFE42}.Release|Any CPU.Build.0 = Release|Any CPU
		{2ACDE61D-E5AB-40EA-9634-87C6A089478E}.Debug|Any CPU.ActiveCfg = Debug|Any CPU
		{2ACDE61D-E5AB-40EA-9634-87C6A089478E}.Debug|Any CPU.Build.0 = Debug|Any CPU
		{2ACDE61D-E5AB-40EA-9634-87C6A089478E}.Release|Any CPU.ActiveCfg = Release|Any CPU
		{2ACDE61D-E5AB-40EA-9634-87C6A089478E}.Release|Any CPU.Build.0 = Release|Any CPU
		{0649CC57-987B-455E-93C6-2351890FCA8F}.Debug|Any CPU.ActiveCfg = Debug|Any CPU
		{0649CC57-987B-455E-93C6-2351890FCA8F}.Debug|Any CPU.Build.0 = Debug|Any CPU
		{0649CC57-987B-455E-93C6-2351890FCA8F}.Release|Any CPU.ActiveCfg = Release|Any CPU
		{0649CC57-987B-455E-93C6-2351890FCA8F}.Release|Any CPU.Build.0 = Release|Any CPU
		{753F148B-8B75-42B1-8FAB-D97389F5AA23}.Debug|Any CPU.ActiveCfg = Debug|Any CPU
		{753F148B-8B75-42B1-8FAB-D97389F5AA23}.Debug|Any CPU.Build.0 = Debug|Any CPU
		{753F148B-8B75-42B1-8FAB-D97389F5AA23}.Release|Any CPU.ActiveCfg = Release|Any CPU
		{753F148B-8B75-42B1-8FAB-D97389F5AA23}.Release|Any CPU.Build.0 = Release|Any CPU
		{637A54C0-9FD3-496F-ADC9-6686C61AF95D}.Debug|Any CPU.ActiveCfg = Debug|Any CPU
		{637A54C0-9FD3-496F-ADC9-6686C61AF95D}.Debug|Any CPU.Build.0 = Debug|Any CPU
		{637A54C0-9FD3-496F-ADC9-6686C61AF95D}.Release|Any CPU.ActiveCfg = Release|Any CPU
		{637A54C0-9FD3-496F-ADC9-6686C61AF95D}.Release|Any CPU.Build.0 = Release|Any CPU
		{7F16A521-7C70-4DDA-9F98-C62D55A3606C}.Debug|Any CPU.ActiveCfg = Debug|Any CPU
		{7F16A521-7C70-4DDA-9F98-C62D55A3606C}.Debug|Any CPU.Build.0 = Debug|Any CPU
		{7F16A521-7C70-4DDA-9F98-C62D55A3606C}.Release|Any CPU.ActiveCfg = Release|Any CPU
		{7F16A521-7C70-4DDA-9F98-C62D55A3606C}.Release|Any CPU.Build.0 = Release|Any CPU
		{6DDEC0AF-2A5C-4B13-A593-333CC16020C0}.Debug|Any CPU.ActiveCfg = Debug|Any CPU
		{6DDEC0AF-2A5C-4B13-A593-333CC16020C0}.Debug|Any CPU.Build.0 = Debug|Any CPU
		{6DDEC0AF-2A5C-4B13-A593-333CC16020C0}.Release|Any CPU.ActiveCfg = Release|Any CPU
		{6DDEC0AF-2A5C-4B13-A593-333CC16020C0}.Release|Any CPU.Build.0 = Release|Any CPU
		{6A683D2D-CBF6-40AF-93AC-F987B98E86AB}.Debug|Any CPU.ActiveCfg = Debug|Any CPU
		{6A683D2D-CBF6-40AF-93AC-F987B98E86AB}.Debug|Any CPU.Build.0 = Debug|Any CPU
		{6A683D2D-CBF6-40AF-93AC-F987B98E86AB}.Release|Any CPU.ActiveCfg = Release|Any CPU
		{6A683D2D-CBF6-40AF-93AC-F987B98E86AB}.Release|Any CPU.Build.0 = Release|Any CPU
		{EA46C264-8D1A-4A43-BFDF-80CEDE5127B8}.Debug|Any CPU.ActiveCfg = Debug|Any CPU
		{EA46C264-8D1A-4A43-BFDF-80CEDE5127B8}.Debug|Any CPU.Build.0 = Debug|Any CPU
		{EA46C264-8D1A-4A43-BFDF-80CEDE5127B8}.Release|Any CPU.ActiveCfg = Release|Any CPU
		{EA46C264-8D1A-4A43-BFDF-80CEDE5127B8}.Release|Any CPU.Build.0 = Release|Any CPU
		{5563F774-5392-4C0F-8A54-71ABA7249075}.Debug|Any CPU.ActiveCfg = Debug|Any CPU
		{5563F774-5392-4C0F-8A54-71ABA7249075}.Debug|Any CPU.Build.0 = Debug|Any CPU
		{5563F774-5392-4C0F-8A54-71ABA7249075}.Release|Any CPU.ActiveCfg = Release|Any CPU
		{5563F774-5392-4C0F-8A54-71ABA7249075}.Release|Any CPU.Build.0 = Release|Any CPU
	EndGlobalSection
	GlobalSection(SolutionProperties) = preSolution
		HideSolutionNode = FALSE
	EndGlobalSection
	GlobalSection(NestedProjects) = preSolution
		{6230B255-5F99-4C3E-B850-C291B090AD9F} = {84A2622D-CDB2-469D-84E7-C838324C6518}
		{91389BAB-A8C7-425F-A28D-F398115093F0} = {4E7D2684-3167-4D61-B8C1-C3F2CB4D64BF}
		{6E575489-3DF4-43ED-83CA-B3CF720A62E3} = {4E7D2684-3167-4D61-B8C1-C3F2CB4D64BF}
		{23989390-E773-4B39-958D-2473F3A3C9D1} = {4E7D2684-3167-4D61-B8C1-C3F2CB4D64BF}
		{CE95B8F1-D338-47F1-B4E7-E2BFF18D599D} = {4E7D2684-3167-4D61-B8C1-C3F2CB4D64BF}
		{861E7948-18C5-4238-A6B6-E17740818881} = {2919B2B6-2885-466F-88E4-E2C8CE7FFE70}
		{41D5C6C6-20B6-4B76-B0C7-9E7C833FFE42} = {4E7D2684-3167-4D61-B8C1-C3F2CB4D64BF}
		{2ACDE61D-E5AB-40EA-9634-87C6A089478E} = {4E7D2684-3167-4D61-B8C1-C3F2CB4D64BF}
		{0649CC57-987B-455E-93C6-2351890FCA8F} = {2919B2B6-2885-466F-88E4-E2C8CE7FFE70}
		{753F148B-8B75-42B1-8FAB-D97389F5AA23} = {2919B2B6-2885-466F-88E4-E2C8CE7FFE70}
		{637A54C0-9FD3-496F-ADC9-6686C61AF95D} = {2919B2B6-2885-466F-88E4-E2C8CE7FFE70}
		{7F16A521-7C70-4DDA-9F98-C62D55A3606C} = {4E7D2684-3167-4D61-B8C1-C3F2CB4D64BF}
		{6DDEC0AF-2A5C-4B13-A593-333CC16020C0} = {2919B2B6-2885-466F-88E4-E2C8CE7FFE70}
		{6A683D2D-CBF6-40AF-93AC-F987B98E86AB} = {2919B2B6-2885-466F-88E4-E2C8CE7FFE70}
		{EA46C264-8D1A-4A43-BFDF-80CEDE5127B8} = {2919B2B6-2885-466F-88E4-E2C8CE7FFE70}
		{5563F774-5392-4C0F-8A54-71ABA7249075} = {4E7D2684-3167-4D61-B8C1-C3F2CB4D64BF}
	EndGlobalSection
	GlobalSection(ExtensibilityGlobals) = postSolution
		SolutionGuid = {55BDC640-E8B5-4E18-87A5-33C77E2698F2}
	EndGlobalSection
EndGlobal
